{
  "name": "rumproarious.com",
  "version": "1.0.0",
  "lockfileVersion": 3,
  "requires": true,
  "packages": {
    "": {
      "version": "1.0.0",
      "license": "ISC",
      "dependencies": {
        "typography": "^0.16.19"
      }
    },
    "node_modules/compass-vertical-rhythm": {
      "version": "1.4.5",
      "resolved": "https://registry.npmjs.org/compass-vertical-rhythm/-/compass-vertical-rhythm-1.4.5.tgz",
      "integrity": "sha512-bJo3IYX7xmmZCDYjrT2XolaiNjGZ4E2JvUGxpdU0ecbH4ZLK786wvc8aHKVrGrKct9JlkmJbUi8YLrQWvOc+uA==",
      "dependencies": {
        "convert-css-length": "^1.0.1",
        "object-assign": "^4.1.0",
        "parse-unit": "^1.0.1"
      }
    },
    "node_modules/console-polyfill": {
      "version": "0.1.2",
      "resolved": "https://registry.npmjs.org/console-polyfill/-/console-polyfill-0.1.2.tgz",
      "integrity": "sha1-ls/tUcr3gYn2mVcubxgnHcN8DjA="
    },
    "node_modules/convert-css-length": {
      "version": "1.0.2",
      "resolved": "https://registry.npmjs.org/convert-css-length/-/convert-css-length-1.0.2.tgz",
      "integrity": "sha512-ecV7j3hXyXN1X2XfJBzhMR0o1Obv0v3nHmn0UiS3ACENrzbxE/EknkiunS/fCwQva0U62X1GChi8GaPh4oTlLg==",
      "dependencies": {
        "console-polyfill": "^0.1.2",
        "parse-unit": "^1.0.1"
      }
    },
    "node_modules/decamelize": {
      "version": "1.2.0",
      "resolved": "https://registry.npmjs.org/decamelize/-/decamelize-1.2.0.tgz",
      "integrity": "sha1-9lNNFRSCabIDUue+4m9QH5oZEpA=",
      "engines": {
        "node": ">=0.10.0"
      }
    },
    "node_modules/gray-percentage": {
      "version": "2.0.0",
      "resolved": "https://registry.npmjs.org/gray-percentage/-/gray-percentage-2.0.0.tgz",
      "integrity": "sha1-tyonTRsTeRBKAFC2OyB9xT/lb5k="
    },
    "node_modules/lodash": {
      "version": "4.17.23",
      "resolved": "https://registry.npmjs.org/lodash/-/lodash-4.17.23.tgz",
      "integrity": "sha512-LgVTMpQtIopCi79SJeDiP0TfWi5CNEc/L/aRdTh3yIvmZXTnheWpKjSZhnvMl8iXbC1tFg9gdHHDMLoV7CnG+w==",
      "license": "MIT"
    },
    "node_modules/lodash.isnumber": {
      "version": "3.0.3",
      "resolved": "https://registry.npmjs.org/lodash.isnumber/-/lodash.isnumber-3.0.3.tgz",
      "integrity": "sha1-POdoEMWSjQM1IwGsKHMX8RwLH/w="
    },
    "node_modules/modularscale": {
      "version": "1.0.2",
      "resolved": "https://registry.npmjs.org/modularscale/-/modularscale-1.0.2.tgz",
      "integrity": "sha1-So8TrzKl5SFPxuLPxSkGSr/X2Hc=",
      "dependencies": {
        "lodash.isnumber": "^3.0.0"
      }
    },
    "node_modules/object-assign": {
      "version": "4.1.1",
      "resolved": "https://registry.npmjs.org/object-assign/-/object-assign-4.1.1.tgz",
      "integrity": "sha1-IQmtx5ZYh8/AXLvUQsrIv7s2CGM=",
      "engines": {
        "node": ">=0.10.0"
      }
    },
    "node_modules/parse-unit": {
      "version": "1.0.1",
      "resolved": "https://registry.npmjs.org/parse-unit/-/parse-unit-1.0.1.tgz",
      "integrity": "sha1-fhu21b7zh0wo45JSaiVBFwKR7s8="
    },
    "node_modules/typography": {
      "version": "0.16.19",
      "resolved": "https://registry.npmjs.org/typography/-/typography-0.16.19.tgz",
      "integrity": "sha512-zfsyjPPB1RaK8TzU3REta6EGDZa++YQ6g/CWw7hy/8xQK1qyzFWisMIw5J+Yg1KyiVgcchmxlgMcMA6JAJ9oew==",
      "dependencies": {
        "compass-vertical-rhythm": "^1.4.5",
        "decamelize": "^1.2.0",
        "gray-percentage": "^2.0.0",
        "lodash": "^4.13.1",
        "modularscale": "^1.0.2",
        "object-assign": "^4.1.0",
        "typography-normalize": "^0.16.19"
      }
    },
    "node_modules/typography-normalize": {
      "version": "0.16.19",
      "resolved": "https://registry.npmjs.org/typography-normalize/-/typography-normalize-0.16.19.tgz",
      "integrity": "sha512-vtnSv/uGBZVbd4e/ZhZB9HKBgKKlWQUXw74+ADIHHxzKp27CEf8PSR8TX1zF2qSyQ9/qMdqLwXYz8yRQFq9JLQ=="
    }
  }
}
